// !$*UTF8*$!
{
	archiveVersion = 1;
	classes = {
	};
	objectVersion = 48;
	objects = {

/* Begin PBXBuildFile section */
		4C52E103205B515E00654A81 /* AppDelegate.swift in Sources */ = {isa = PBXBuildFile; fileRef = 4C52E102205B515E00654A81 /* AppDelegate.swift */; };
		4C52E105205B515E00654A81 /* ViewController.swift in Sources */ = {isa = PBXBuildFile; fileRef = 4C52E104205B515E00654A81 /* ViewController.swift */; };
		4C52E108205B515E00654A81 /* Main.storyboard in Resources */ = {isa = PBXBuildFile; fileRef = 4C52E106205B515E00654A81 /* Main.storyboard */; };
		4C52E10A205B515E00654A81 /* Assets.xcassets in Resources */ = {isa = PBXBuildFile; fileRef = 4C52E109205B515E00654A81 /* Assets.xcassets */; };
		4C52E10D205B515E00654A81 /* LaunchScreen.storyboard in Resources */ = {isa = PBXBuildFile; fileRef = 4C52E10B205B515E00654A81 /* LaunchScreen.storyboard */; };
		4C52E115205B51A000654A81 /* CardViewController.swift in Sources */ = {isa = PBXBuildFile; fileRef = 4C52E114205B51A000654A81 /* CardViewController.swift */; };
		4CFB3F55206B0FA400FBB338 /* CustomTransition.swift in Sources */ = {isa = PBXBuildFile; fileRef = 4CFB3F54206B0FA400FBB338 /* CustomTransition.swift */; };
/* End PBXBuildFile section */

/* Begin PBXFileReference section */
		4C52E0FF205B515E00654A81 /* CardPresentation.app */ = {isa = PBXFileReference; explicitFileType = wrapper.application; includeInIndex = 0; path = CardPresentation.app; sourceTree = BUILT_PRODUCTS_DIR; };
		4C52E102205B515E00654A81 /* AppDelegate.swift */ = {isa = PBXFileReference; lastKnownFileType = sourcecode.swift; path = AppDelegate.swift; sourceTree = "<group>"; };
		4C52E104205B515E00654A81 /* ViewController.swift */ = {isa = PBXFileReference; lastKnownFileType = sourcecode.swift; path = ViewController.swift; sourceTree = "<group>"; };
		4C52E107205B515E00654A81 /* Base */ = {isa = PBXFileReference; lastKnownFileType = file.storyboard; name = Base; path = Base.lproj/Main.storyboard; sourceTree = "<group>"; };
		4C52E109205B515E00654A81 /* Assets.xcassets */ = {isa = PBXFileReference; lastKnownFileType = folder.assetcatalog; path = Assets.xcassets; sourceTree = "<group>"; };
		4C52E10C205B515E00654A81 /* Base */ = {isa = PBXFileReference; lastKnownFileType = file.storyboard; name = Base; path = Base.lproj/LaunchScreen.storyboard; sourceTree = "<group>"; };
		4C52E10E205B515E00654A81 /* Info.plist */ = {isa = PBXFileReference; lastKnownFileType = text.plist.xml; path = Info.plist; sourceTree = "<group>"; };
		4C52E114205B51A000654A81 /* CardViewController.swift */ = {isa = PBXFileReference; lastKnownFileType = sourcecode.swift; path = CardViewController.swift; sourceTree = "<group>"; };
		4CFB3F54206B0FA400FBB338 /* CustomTransition.swift */ = {isa = PBXFileReference; lastKnownFileType = sourcecode.swift; path = CustomTransition.swift; sourceTree = "<group>"; };
/* End PBXFileReference section */

/* Begin PBXFrameworksBuildPhase section */
		4C52E0FC205B515E00654A81 /* Frameworks */ = {
			isa = PBXFrameworksBuildPhase;
			buildActionMask = 2147483647;
			files = (
			);
			runOnlyForDeploymentPostprocessing = 0;
		};
/* End PBXFrameworksBuildPhase section */

/* Begin PBXGroup section */
		4C52E0F6205B515E00654A81 = {
			isa = PBXGroup;
			children = (
				4C52E101205B515E00654A81 /* CardPresentation */,
				4C52E100205B515E00654A81 /* Products */,
			);
			sourceTree = "<group>";
		};
		4C52E100205B515E00654A81 /* Products */ = {
			isa = PBXGroup;
			children = (
				4C52E0FF205B515E00654A81 /* CardPresentation.app */,
			);
			name = Products;
			sourceTree = "<group>";
		};
		4C52E101205B515E00654A81 /* CardPresentation */ = {
			isa = PBXGroup;
			children = (
				4C52E102205B515E00654A81 /* AppDelegate.swift */,
				4C52E104205B515E00654A81 /* ViewController.swift */,
				4CFB3F54206B0FA400FBB338 /* CustomTransition.swift */,
				4C52E114205B51A000654A81 /* CardViewController.swift */,
				4C52E106205B515E00654A81 /* Main.storyboard */,
				4C52E109205B515E00654A81 /* Assets.xcassets */,
				4C52E10B205B515E00654A81 /* LaunchScreen.storyboard */,
				4C52E10E205B515E00654A81 /* Info.plist */,
			);
			path = CardPresentation;
			sourceTree = "<group>";
		};
/* End PBXGroup section */

/* Begin PBXNativeTarget section */
		4C52E0FE205B515E00654A81 /* CardPresentation */ = {
			isa = PBXNativeTarget;
			buildConfigurationList = 4C52E111205B515E00654A81 /* Build configuration list for PBXNativeTarget "CardPresentation" */;
			buildPhases = (
				4C52E0FB205B515E00654A81 /* Sources */,
				4C52E0FC205B515E00654A81 /* Frameworks */,
				4C52E0FD205B515E00654A81 /* Resources */,
			);
			buildRules = (
			);
			dependencies = (
			);
			name = CardPresentation;
			productName = CardPresentation;
			productReference = 4C52E0FF205B515E00654A81 /* CardPresentation.app */;
			productType = "com.apple.product-type.application";
		};
/* End PBXNativeTarget section */

/* Begin PBXProject section */
		4C52E0F7205B515E00654A81 /* Project object */ = {
			isa = PBXProject;
			attributes = {
				LastSwiftUpdateCheck = 0920;
				LastUpgradeCheck = 0920;
				ORGANIZATIONNAME = "Peter Park";
				TargetAttributes = {
					4C52E0FE205B515E00654A81 = {
						CreatedOnToolsVersion = 9.2;
						ProvisioningStyle = Automatic;
					};
				};
			};
			buildConfigurationList = 4C52E0FA205B515E00654A81 /* Build configuration list for PBXProject "CardPresentation" */;
			compatibilityVersion = "Xcode 8.0";
			developmentRegion = en;
			hasScannedForEncodings = 0;
			knownRegions = (
				en,
				Base,
			);
			mainGroup = 4C52E0F6205B515E00654A81;
			productRefGroup = 4C52E100205B515E00654A81 /* Products */;
			projectDirPath = "";
			projectRoot = "";
			targets = (
				4C52E0FE205B515E00654A81 /* CardPresentation */,
			);
		};
/* End PBXProject section */

/* Begin PBXResourcesBuildPhase section */
		4C52E0FD205B515E00654A81 /* Resources */ = {
			isa = PBXResourcesBuildPhase;
			buildActionMask = 2147483647;
			files = (
				4C52E10D205B515E00654A81 /* LaunchScreen.storyboard in Resources */,
				4C52E10A205B515E00654A81 /* Assets.xcassets in Resources */,
				4C52E108205B515E00654A81 /* Main.storyboard in Resources */,
			);
			runOnlyForDeploymentPostprocessing = 0;
		};
/* End PBXResourcesBuildPhase section */

/* Begin PBXSourcesBuildPhase section */
		4C52E0FB205B515E00654A81 /* Sources */ = {
			isa = PBXSourcesBuildPhase;
			buildActionMask = 2147483647;
			files = (
				4C52E105205B515E00654A81 /* ViewController.swift in Sources */,
				4CFB3F55206B0FA400FBB338 /* CustomTransition.swift in Sources */,
				4C52E103205B515E00654A81 /* AppDelegate.swift in Sources */,
				4C52E115205B51A000654A81 /* CardViewController.swift in Sources */,
			);
			runOnlyForDeploymentPostprocessing = 0;
		};
/* End PBXSourcesBuildPhase section */

/* Begin PBXVariantGroup section */
		4C52E106205B515E00654A81 /* Main.storyboard */ = {
			isa = PBXVariantGroup;
			children = (
				4C52E107205B515E00654A81 /* Base */,
			);
			name = Main.storyboard;
			sourceTree = "<group>";
		};
		4C52E10B205B515E00654A81 /* LaunchScreen.storyboard */ = {
			isa = PBXVariantGroup;
			children = (
				4C52E10C205B515E00654A81 /* Base */,
			);
			name = LaunchScreen.storyboard;
			sourceTree = "<group>";
		};
/* End PBXVariantGroup section */

/* Begin XCBuildConfiguration section */
		4C52E10F205B515E00654A81 /* Debug */ = {
			isa = XCBuildConfiguration;
			buildSettings = {
				ALWAYS_SEARCH_USER_PATHS = NO;
				CLANG_ANALYZER_NONNULL = YES;
				CLANG_ANALYZER_NUMBER_OBJECT_CONVERSION = YES_AGGRESSIVE;
				CLANG_CXX_LANGUAGE_STANDARD = "gnu++14";
				CLANG_CXX_LIBRARY = "libc++";
				CLANG_ENABLE_MODULES = YES;
				CLANG_ENABLE_OBJC_ARC = YES;
				CLANG_WARN_BLOCK_CAPTURE_AUTORELEASING = YES;
				CLANG_WARN_BOOL_CONVERSION = YES;
				CLANG_WARN_COMMA = YES;
				CLANG_WARN_CONSTANT_CONVERSION = YES;
				CLANG_WARN_DIRECT_OBJC_ISA_USAGE = YES_ERROR;
				CLANG_WARN_DOCUMENTATION_COMMENTS = YES;
				CLANG_WARN_EMPTY_BODY = YES;
				CLANG_WARN_ENUM_CONVERSION = YES;
				CLANG_WARN_INFINITE_RECURSION = YES;
				CLANG_WARN_INT_CONVERSION = YES;
				CLANG_WARN_NON_LITERAL_NULL_CONVERSION = YES;
				CLANG_WARN_OBJC_LITERAL_CONVERSION = YES;
				CLANG_WARN_OBJC_ROOT_CLASS = YES_ERROR;
				CLANG_WARN_RANGE_LOOP_ANALYSIS = YES;
				CLANG_WARN_STRICT_PROTOTYPES = YES;
				CLANG_WARN_SUSPICIOUS_MOVE = YES;
				CLANG_WARN_UNGUARDED_AVAILABILITY = YES_AGGRESSIVE;
				CLANG_WARN_UNREACHABLE_CODE = YES;
				CLANG_WARN__DUPLICATE_METHOD_MATCH = YES;
				CODE_SIGN_IDENTITY = "iPhone Developer";
				COPY_PHASE_STRIP = NO;
				DEBUG_INFORMATION_FORMAT = dwarf;
				ENABLE_STRICT_OBJC_MSGSEND = YES;
				ENABLE_TESTABILITY = YES;
				GCC_C_LANGUAGE_STANDARD = gnu11;
				GCC_DYNAMIC_NO_PIC = NO;
				GCC_NO_COMMON_BLOCKS = YES;
				GCC_OPTIMIZATION_LEVEL = 0;
				GCC_PREPROCESSOR_DEFINITIONS = (
					"DEBUG=1",
					"$(inherited)",
				);
				GCC_WARN_64_TO_32_BIT_CONVERSION = YES;
				GCC_WARN_ABOUT_RETURN_TYPE = YES_ERROR;
				GCC_WARN_UNDECLARED_SELECTOR = YES;
				GCC_WARN_UNINITIALIZED_AUTOS = YES_AGGRESSIVE;
				GCC_WARN_UNUSED_FUNCTION = YES;
				GCC_WARN_UNUSED_VARIABLE = YES;
				IPHONEOS_DEPLOYMENT_TARGET = 11.2;
				MTL_ENABLE_DEBUG_INFO = YES;
				ONLY_ACTIVE_ARCH = YES;
				SDKROOT = iphoneos;
				SWIFT_ACTIVE_COMPILATION_CONDITIONS = DEBUG;
				SWIFT_OPTIMIZATION_LEVEL = "-Onone";
			};
			name = Debug;
		};
		4C52E110205B515E00654A81 /* Release */ = {
			isa = XCBuildConfiguration;
			buildSettings = {
				ALWAYS_SEARCH_USER_PATHS = NO;
				CLANG_ANALYZER_NONNULL = YES;
				CLANG_ANALYZER_NUMBER_OBJECT_CONVERSION = YES_AGGRESSIVE;
				CLANG_CXX_LANGUAGE_STANDARD = "gnu++14";
				CLANG_CXX_LIBRARY = "libc++";
				CLANG_ENABLE_MODULES = YES;
				CLANG_ENABLE_OBJC_ARC = YES;
				CLANG_WARN_BLOCK_CAPTURE_AUTORELEASING = YES;
				CLANG_WARN_BOOL_CONVERSION = YES;
				CLANG_WARN_COMMA = YES;
				CLANG_WARN_CONSTANT_CONVERSION = YES;
				CLANG_WARN_DIRECT_OBJC_ISA_USAGE = YES_ERROR;
				CLANG_WARN_DOCUMENTATION_COMMENTS = YES;
				CLANG_WARN_EMPTY_BODY = YES;
				CLANG_WARN_ENUM_CONVERSION = YES;
				CLANG_WARN_INFINITE_RECURSION = YES;
				CLANG_WARN_INT_CONVERSION = YES;
				CLANG_WARN_NON_LITERAL_NULL_CONVERSION = YES;
				CLANG_WARN_OBJC_LITERAL_CONVERSION = YES;
				CLANG_WARN_OBJC_ROOT_CLASS = YES_ERROR;
				CLANG_WARN_RANGE_LOOP_ANALYSIS = YES;
				CLANG_WARN_STRICT_PROTOTYPES = YES;
				CLANG_WARN_SUSPICIOUS_MOVE = YES;
				CLANG_WARN_UNGUARDED_AVAILABILITY = YES_AGGRESSIVE;
				CLANG_WARN_UNREACHABLE_CODE = YES;
				CLANG_WARN__DUPLICATE_METHOD_MATCH = YES;
				CODE_SIGN_IDENTITY = "iPhone Developer";
				COPY_PHASE_STRIP = NO;
				DEBUG_INFORMATION_FORMAT = "dwarf-with-dsym";
				ENABLE_NS_ASSERTIONS = NO;
				ENABLE_STRICT_OBJC_MSGSEND = YES;
				GCC_C_LANGUAGE_STANDARD = gnu11;
				GCC_NO_COMMON_BLOCKS = YES;
				GCC_WARN_64_TO_32_BIT_CONVERSION = YES;
				GCC_WARN_ABOUT_RETURN_TYPE = YES_ERROR;
				GCC_WARN_UNDECLARED_SELECTOR = YES;
				GCC_WARN_UNINITIALIZED_AUTOS = YES_AGGRESSIVE;
				GCC_WARN_UNUSED_FUNCTION = YES;
				GCC_WARN_UNUSED_VARIABLE = YES;
				IPHONEOS_DEPLOYMENT_TARGET = 11.2;
				MTL_ENABLE_DEBUG_INFO = NO;
				SDKROOT = iphoneos;
				SWIFT_OPTIMIZATION_LEVEL = "-Owholemodule";
				VALIDATE_PRODUCT = YES;
			};
			name = Release;
		};
		4C52E112205B515E00654A81 /* Debug */ = {
			isa = XCBuildConfiguration;
			buildSettings = {
				ASSETCATALOG_COMPILER_APPICON_NAME = AppIcon;
				CODE_SIGN_STYLE = Automatic;
				DEVELOPMENT_TEAM = RWW2D8SK3K;
				INFOPLIST_FILE = CardPresentation/Info.plist;
				LD_RUNPATH_SEARCH_PATHS = "$(inherited) @executable_path/Frameworks";
				PRODUCT_BUNDLE_IDENTIFIER = nekonari.CardPresentation;
				PRODUCT_NAME = "$(TARGET_NAME)";
				SWIFT_VERSION = 4.0;
				TARGETED_DEVICE_FAMILY = "1,2";
			};
			name = Debug;
		};
		4C52E113205B515E00654A81 /* Release */ = {
			isa = XCBuildConfiguration;
			buildSettings = {
				ASSETCATALOG_COMPILER_APPICON_NAME = AppIcon;
				CODE_SIGN_STYLE = Automatic;
				DEVELOPMENT_TEAM = RWW2D8SK3K;
				INFOPLIST_FILE = CardPresentation/Info.plist;
				LD_RUNPATH_SEARCH_PATHS = "$(inherited) @executable_path/Frameworks";
				PRODUCT_BUNDLE_IDENTIFIER = nekonari.CardPresentation;
				PRODUCT_NAME = "$(TARGET_NAME)";
				SWIFT_VERSION = 4.0;
				TARGETED_DEVICE_FAMILY = "1,2";
			};
			name = Release;
		};
/* End XCBuildConfiguration section */

/* Begin XCConfigurationList section */
		4C52E0FA205B515E00654A81 /* Build configuration list for PBXProject "CardPresentation" */ = {
			isa = XCConfigurationList;
			buildConfigurations = (
				4C52E10F205B515E00654A81 /* Debug */,
				4C52E110205B515E00654A81 /* Release */,
			);
			defaultConfigurationIsVisible = 0;
			defaultConfigurationName = Release;
		};
		4C52E111205B515E00654A81 /* Build configuration list for PBXNativeTarget "CardPresentation" */ = {
			isa = XCConfigurationList;
			buildConfigurations = (
				4C52E112205B515E00654A81 /* Debug */,
				4C52E113205B515E00654A81 /* Release */,
			);
			defaultConfigurationIsVisible = 0;
			defaultConfigurationName = Release;
		};
/* End XCConfigurationList section */
	};
	rootObject = 4C52E0F7205B515E00654A81 /* Project object */;
}
